
Microsoft Visual Studio Solution File, Format Version 12.00
# Visual Studio Version 16
VisualStudioVersion = 16.0.31729.503
MinimumVisualStudioVersion = 10.0.40219.1
Project("{FAE04EC0-301F-11D3-BF4B-00C04F79EFBC}") = "TodoList", "TodoList\TodoList.csproj", "{DBCDA118-B3FB-43FA-9328-8ACF92C3F58C}"
EndProject
Global
	GlobalSection(SolutionConfigurationPlatforms) = preSolution
		Debug|Any CPU = Debug|Any CPU
		Release|Any CPU = Release|Any CPU
	EndGlobalSection
	GlobalSection(ProjectConfigurationPlatforms) = postSolution
		{DBCDA118-B3FB-43FA-9328-8ACF92C3F58C}.Debug|Any CPU.ActiveCfg = Debug|Any CPU
		{DBCDA118-B3FB-43FA-9328-8ACF92C3F58C}.Debug|Any CPU.Build.0 = Debug|Any CPU
		{DBCDA118-B3FB-43FA-9328-8ACF92C3F58C}.Release|Any CPU.ActiveCfg = Release|Any CPU
		{DBCDA118-B3FB-43FA-9328-8ACF92C3F58C}.Release|Any CPU.Build.0 = Release|Any CPU
	EndGlobalSection
	GlobalSection(SolutionProperties) = preSolution
		HideSolutionNode = FALSE
	EndGlobalSection
	GlobalSection(ExtensibilityGlobals) = postSolution
		SolutionGuid = {C4FB8182-DB08-4FCB-A9A1-D9AE30BFCD77}
	EndGlobalSection
EndGlobal
